# This file was autogenerated by Stack.
# You should not edit this file by hand.
# For more information, please see the documentation at:
#   https://docs.haskellstack.org/en/stable/lock_files

packages: []
snapshots:
- completed:
    size: 506659
    url: https://raw.githubusercontent.com/commercialhaskell/stackage-snapshots/master/lts/11/3.yaml
    sha256: 4a02ab9386e5968c58529fdf79707ccd0ae1352c213e28a78ee9e0d836be1824
  original: lts-11.3
